# THIS IS AN AUTOGENERATED FILE. DO NOT EDIT THIS FILE DIRECTLY.
# yarn lockfile v1


"@composer-asset/bkstg--core-bundle@file:./vendor/foxy/composer-asset/bkstg/core-bundle":
  version "2.0.0"
  dependencies:
    chosen-js "^1.8"
    jquery-once "^2.2"
    list.js "^1.5"

"@composer-asset/bkstg--schedule-bundle@file:./vendor/foxy/composer-asset/bkstg/schedule-bundle":
  version "2.0.0"
  dependencies:
    bootstrap-calendar "^0.2.4"

"@fortawesome/fontawesome-free@^5.7":
  version "5.7.1"
  resolved "https://registry.yarnpkg.com/@fortawesome/fontawesome-free/-/fontawesome-free-5.7.1.tgz#e4bdc6fd2a7b5a41d5b599bcb62cf22c78f7f535"
  integrity sha512-gukWJ7Mwf0WXQbkcwcm5zi8+H8aT5MMnphf5hpydOw898H1ibgm2cyejHgk6Km/FTvrPp5ppUHLrlFwt0QxsQw==

bootstrap-calendar@^0.2.4:
  version "0.2.4"
  resolved "https://registry.yarnpkg.com/bootstrap-calendar/-/bootstrap-calendar-0.2.4.tgz#4af891a0f20fdf03a86f2ebfbf867f3dc92cee6e"
  integrity sha1-SviRoPIP3wOoby6/v4Z/Pcks7m4=

bootstrap@^4.2:
  version "4.2.1"
  resolved "https://registry.yarnpkg.com/bootstrap/-/bootstrap-4.2.1.tgz#8f8bdca024dbf0e8644da32e918c8a03a90a5757"
  integrity sha512-tt/7vIv3Gm2mnd/WeDx36nfGGHleil0Wg8IeB7eMrVkY0fZ5iTaBisSh8oNANc2IBsCc6vCgCNTIM/IEN0+50Q==

chosen-js@^1.8:
  version "1.8.7"
  resolved "https://registry.yarnpkg.com/chosen-js/-/chosen-js-1.8.7.tgz#9bfa5597f5081d602ff4ae904af9aef33265bb1d"
  integrity sha512-eVdrZJ2U5ISdObkgsi0od5vIJdLwq1P1Xa/Vj/mgxkMZf14DlgobfB6nrlFi3kW4kkvKLsKk4NDqZj1MU1DCpw==

jquery-once@^2.2:
  version "2.2.1"
  resolved "https://registry.yarnpkg.com/jquery-once/-/jquery-once-2.2.1.tgz#932a0548e59c1639c2b848a45a894f7ec0d3b2ce"
  integrity sha1-kyoFSOWcFjnCuEikWolPfsDTss4=
  dependencies:
    jquery "*"

jquery@*, jquery@^3.3:
  version "3.3.1"
  resolved "https://registry.yarnpkg.com/jquery/-/jquery-3.3.1.tgz#958ce29e81c9790f31be7792df5d4d95fc57fbca"
  integrity sha512-Ubldcmxp5np52/ENotGxlLe6aGMvmF4R8S6tZjsP6Knsaxd/xp3Zrh50cG93lR6nPXyUFwzN3ZSOQI0wRJNdGg==

list.js@^1.5:
  version "1.5.0"
  resolved "https://registry.yarnpkg.com/list.js/-/list.js-1.5.0.tgz#a4cbfc8281ddefc02fdb2d30c8748bfae25fbcda"
  integrity sha1-pMv8goHd78Av2y0wyHSL+uJfvNo=
  dependencies:
    string-natural-compare "^2.0.2"

popper.js@^1.14:
  version "1.14.7"
  resolved "https://registry.yarnpkg.com/popper.js/-/popper.js-1.14.7.tgz#e31ec06cfac6a97a53280c3e55e4e0c860e7738e"
  integrity sha512-4q1hNvoUre/8srWsH7hnoSJ5xVmIL4qgz+s4qf2TnJIMyZFUFMGH+9vE7mXynAlHSZ/NdTmmow86muD0myUkVQ==

string-natural-compare@^2.0.2:
  version "2.0.3"
  resolved "https://registry.yarnpkg.com/string-natural-compare/-/string-natural-compare-2.0.3.tgz#9dbe1dd65490a5fe14f7a5c9bc686fc67cb9c6e4"
  integrity sha512-4Kcl12rNjc+6EKhY8QyDVuQTAlMWwRiNbsxnVwBUKFr7dYPQuXVrtNU4sEkjF9LHY0AY6uVbB3ktbkIH4LC+BQ==
