# THIS IS AN AUTOGENERATED FILE. DO NOT EDIT THIS FILE DIRECTLY.
# yarn lockfile v1


"@composer-asset/bkstg--core-bundle@file:./vendor/foxy/composer-asset/bkstg/core-bundle":
  version "2.0.0-BETA2"
  dependencies:
    chosen-js "^1.8"
    list.js "^1.5"

"@composer-asset/bkstg--schedule-bundle@file:./vendor/foxy/composer-asset/bkstg/schedule-bundle":
  version "2.0.0-BETA1"
  dependencies:
    bootstrap-calendar "^0.2.4"
    underscore "^1.9.1"

"@fortawesome/fontawesome-free@^5.7":
  version "5.9.0"
  resolved "https://registry.yarnpkg.com/@fortawesome/fontawesome-free/-/fontawesome-free-5.9.0.tgz#1aa5c59efb1b8c6eb6277d1e3e8c8f31998b8c8e"
  integrity sha512-g795BBEzM/Hq2SYNPm/NQTIp3IWd4eXSH0ds87Na2jnrAUFX3wkyZAI4Gwj9DOaWMuz2/01i8oWI7P7T/XLkhg==

bootstrap-calendar@^0.2.4:
  version "0.2.4"
  resolved "https://registry.yarnpkg.com/bootstrap-calendar/-/bootstrap-calendar-0.2.4.tgz#4af891a0f20fdf03a86f2ebfbf867f3dc92cee6e"
  integrity sha1-SviRoPIP3wOoby6/v4Z/Pcks7m4=

bootstrap@^4.2:
  version "4.3.1"
  resolved "https://registry.yarnpkg.com/bootstrap/-/bootstrap-4.3.1.tgz#280ca8f610504d99d7b6b4bfc4b68cec601704ac"
  integrity sha512-rXqOmH1VilAt2DyPzluTi2blhk17bO7ef+zLLPlWvG494pDxcM234pJ8wTc/6R40UWizAIIMgxjvxZg5kmsbag==

chosen-js@^1.8:
  version "1.8.7"
  resolved "https://registry.yarnpkg.com/chosen-js/-/chosen-js-1.8.7.tgz#9bfa5597f5081d602ff4ae904af9aef33265bb1d"
  integrity sha512-eVdrZJ2U5ISdObkgsi0od5vIJdLwq1P1Xa/Vj/mgxkMZf14DlgobfB6nrlFi3kW4kkvKLsKk4NDqZj1MU1DCpw==

jquery-once@^2.2:
  version "2.2.3"
  resolved "https://registry.yarnpkg.com/jquery-once/-/jquery-once-2.2.3.tgz#d5b266a1a7b47e5f86a5f25e83ee9467e13707a3"
  integrity sha512-5gbkmxjbqA15KbrNxcDhdBN3EvakY5w/JdxdGgPGsO/kp6TdiqOr6nbnEZGeyF1/yLXVvA8i9lisgXguSiNV+g==
  dependencies:
    jquery "*"

jquery@*, jquery@^3.3:
  version "3.4.1"
  resolved "https://registry.yarnpkg.com/jquery/-/jquery-3.4.1.tgz#714f1f8d9dde4bdfa55764ba37ef214630d80ef2"
  integrity sha512-36+AdBzCL+y6qjw5Tx7HgzeGCzC81MDDgaUP8ld2zhx58HdqXGoBd+tHdrBMiyjGQs0Hxs/MLZTu/eHNJJuWPw==

list.js@^1.5:
  version "1.5.0"
  resolved "https://registry.yarnpkg.com/list.js/-/list.js-1.5.0.tgz#a4cbfc8281ddefc02fdb2d30c8748bfae25fbcda"
  integrity sha1-pMv8goHd78Av2y0wyHSL+uJfvNo=
  dependencies:
    string-natural-compare "^2.0.2"

popper.js@^1.14:
  version "1.15.0"
  resolved "https://registry.yarnpkg.com/popper.js/-/popper.js-1.15.0.tgz#5560b99bbad7647e9faa475c6b8056621f5a4ff2"
  integrity sha512-w010cY1oCUmI+9KwwlWki+r5jxKfTFDVoadl7MSrIujHU5MJ5OR6HTDj6Xo8aoR/QsA56x8jKjA59qGH4ELtrA==

string-natural-compare@^2.0.2:
  version "2.0.3"
  resolved "https://registry.yarnpkg.com/string-natural-compare/-/string-natural-compare-2.0.3.tgz#9dbe1dd65490a5fe14f7a5c9bc686fc67cb9c6e4"
  integrity sha512-4Kcl12rNjc+6EKhY8QyDVuQTAlMWwRiNbsxnVwBUKFr7dYPQuXVrtNU4sEkjF9LHY0AY6uVbB3ktbkIH4LC+BQ==

underscore@^1.9.1:
  version "1.9.1"
  resolved "https://registry.yarnpkg.com/underscore/-/underscore-1.9.1.tgz#06dce34a0e68a7babc29b365b8e74b8925203961"
  integrity sha512-5/4etnCkd9c8gwgowi5/om/mYO5ajCaOgdzj/oW+0eQV9WxKBDZw5+ycmKmeaTXjInS/W0BzpGLo2xR2aBwZdg==
